{
  "version": 4,
  "terraform_version": "1.6.6",
  "serial": 91,
  "lineage": "666c5b0a-1c20-dd8b-5b4a-d578f0369936",
  "outputs": {},
  "resources": [
    {
      "module": "module.athena",
      "mode": "managed",
      "type": "aws_athena_named_query",
      "name": "daily_fraud_summary",
      "provider": "provider[\"registry.terraform.io/hashicorp/aws\"]",
      "instances": [
        {
          "schema_version": 0,
          "attributes": {
            "database": "fintech_bronze_dev",
            "description": "",
            "id": "d0e32d96-5b67-49da-afd3-17ff9eceb433",
            "name": "daily-fraud-summary",
            "query": "SELECT\n  transaction_date,\n  COUNT(transaction_id) as total_transactions,\n  SUM(amount) as total_amount,\n  SUM(CASE WHEN is_fraud = 1 THEN 1 ELSE 0 END) as fraud_count,\n  ROUND(AVG(amount), 2) as avg_amount,\n  ROUND(SUM(CASE WHEN is_fraud = 1 THEN 1.0 ELSE 0 END) /\n        COUNT(transaction_id) * 100, 2) as fraud_rate_pct\nFROM transactions\nGROUP BY transaction_date\nORDER BY transaction_date DESC\n",
            "workgroup": "fintech-analysts-dev"
          },
          "sensitive_attributes": [],
          "private": "bnVsbA==",
          "dependencies": [
            "module.athena.aws_athena_workgroup.analysts"
          ]
        }
      ]
    },
    {
      "module": "module.athena",
      "mode": "managed",
      "type": "aws_athena_named_query",
      "name": "high_risk_customers",
      "provider": "provider[\"registry.terraform.io/hashicorp/aws\"]",
      "instances": [
        {
          "schema_version": 0,
          "attributes": {
            "database": "fintech_bronze_dev",
            "description": "",
            "id": "8bae3900-0b2f-4aad-9233-2c1467c512d0",
            "name": "high-risk-customers",
            "query": "SELECT\n  customer_id,\n  total_transactions,\n  total_spend,\n  fraud_txn_count,\n  fraud_rate,\n  risk_tier,\n  kyc_status,\n  total_tickets\nFROM customer_360\nWHERE risk_tier = 'HIGH'\nOR fraud_rate \u003e 10\nORDER BY fraud_rate DESC\nLIMIT 100\n",
            "workgroup": "fintech-analysts-dev"
          },
          "sensitive_attributes": [],
          "private": "bnVsbA==",
          "dependencies": [
            "module.athena.aws_athena_workgroup.analysts"
          ]
        }
      ]
    },
    {
      "module": "module.athena",
      "mode": "managed",
      "type": "aws_athena_named_query",
      "name": "top_merchants",
      "provider": "provider[\"registry.terraform.io/hashicorp/aws\"]",
      "instances": [
        {
          "schema_version": 0,
          "attributes": {
            "database": "fintech_bronze_dev",
            "description": "",
            "id": "d5b4102c-b67c-4209-b4d2-f520554bcb6a",
            "name": "top-merchants-by-volume",
            "query": "SELECT\n  merchant,\n  category,\n  COUNT(transaction_id) as transaction_count,\n  ROUND(SUM(amount), 2) as total_amount,\n  ROUND(AVG(amount), 2) as avg_amount,\n  SUM(CASE WHEN is_fraud = 1 THEN 1 ELSE 0 END) as fraud_count\nFROM transactions\nGROUP BY merchant, category\nORDER BY total_amount DESC\nLIMIT 10\n",
            "workgroup": "fintech-analysts-dev"
          },
          "sensitive_attributes": [],
          "private": "bnVsbA==",
          "dependencies": [
            "module.athena.aws_athena_workgroup.analysts"
          ]
        }
      ]
    },
    {
      "module": "module.athena",
      "mode": "managed",
      "type": "aws_athena_workgroup",
      "name": "analysts",
      "provider": "provider[\"registry.terraform.io/hashicorp/aws\"]",
      "instances": [
        {
          "schema_version": 0,
          "attributes": {
            "arn": "arn:aws:athena:ap-south-1:512584596315:workgroup/fintech-analysts-dev",
            "configuration": [
              {
                "bytes_scanned_cutoff_per_query": 1073741824,
                "enforce_workgroup_configuration": true,
                "engine_version": [
                  {
                    "effective_engine_version": "Athena engine version 3",
                    "selected_engine_version": "AUTO"
                  }
                ],
                "execution_role": "",
                "publish_cloudwatch_metrics_enabled": true,
                "requester_pays_enabled": false,
                "result_configuration": [
                  {
                    "acl_configuration": [],
                    "encryption_configuration": [
                      {
                        "encryption_option": "SSE_S3",
                        "kms_key_arn": ""
                      }
                    ],
                    "expected_bucket_owner": "",
                    "output_location": "s3://fintech-athena-results-dev/analysts/"
                  }
                ]
              }
            ],
            "description": "Workgroup for business analysts",
            "force_destroy": false,
            "id": "fintech-analysts-dev",
            "name": "fintech-analysts-dev",
            "state": "ENABLED",
            "tags": {
              "Environment": "dev",
              "Project": "fintech",
              "Team": "analysts"
            },
            "tags_all": {
              "Environment": "dev",
              "Project": "fintech",
              "Team": "analysts"
            }
          },
          "sensitive_attributes": [],
          "private": "bnVsbA=="
        }
      ]
    },
    {
      "module": "module.athena",
      "mode": "managed",
      "type": "aws_athena_workgroup",
      "name": "compliance",
      "provider": "provider[\"registry.terraform.io/hashicorp/aws\"]",
      "instances": [
        {
          "schema_version": 0,
          "attributes": {
            "arn": "arn:aws:athena:ap-south-1:512584596315:workgroup/fintech-compliance-dev",
            "configuration": [
              {
                "bytes_scanned_cutoff_per_query": 0,
                "enforce_workgroup_configuration": true,
                "engine_version": [
                  {
                    "effective_engine_version": "Athena engine version 3",
                    "selected_engine_version": "AUTO"
                  }
                ],
                "execution_role": "",
                "publish_cloudwatch_metrics_enabled": true,
                "requester_pays_enabled": false,
                "result_configuration": [
                  {
                    "acl_configuration": [],
                    "encryption_configuration": [
                      {
                        "encryption_option": "SSE_S3",
                        "kms_key_arn": ""
                      }
                    ],
                    "expected_bucket_owner": "",
                    "output_location": "s3://fintech-athena-results-dev/compliance/"
                  }
                ]
              }
            ],
            "description": "Workgroup for compliance team",
            "force_destroy": false,
            "id": "fintech-compliance-dev",
            "name": "fintech-compliance-dev",
            "state": "ENABLED",
            "tags": {
              "Environment": "dev",
              "Project": "fintech",
              "Team": "compliance"
            },
            "tags_all": {
              "Environment": "dev",
              "Project": "fintech",
              "Team": "compliance"
            }
          },
          "sensitive_attributes": [],
          "private": "bnVsbA=="
        }
      ]
    },
    {
      "module": "module.athena",
      "mode": "managed",
      "type": "aws_athena_workgroup",
      "name": "data_engineering",
      "provider": "provider[\"registry.terraform.io/hashicorp/aws\"]",
      "instances": [
        {
          "schema_version": 0,
          "attributes": {
            "arn": "arn:aws:athena:ap-south-1:512584596315:workgroup/fintech-data-engineering-dev",
            "configuration": [
              {
                "bytes_scanned_cutoff_per_query": 0,
                "enforce_workgroup_configuration": true,
                "engine_version": [
                  {
                    "effective_engine_version": "Athena engine version 3",
                    "selected_engine_version": "AUTO"
                  }
                ],
                "execution_role": "",
                "publish_cloudwatch_metrics_enabled": true,
                "requester_pays_enabled": false,
                "result_configuration": [
                  {
                    "acl_configuration": [],
                    "encryption_configuration": [
                      {
                        "encryption_option": "SSE_S3",
                        "kms_key_arn": ""
                      }
                    ],
                    "expected_bucket_owner": "",
                    "output_location": "s3://fintech-athena-results-dev/data-engineering/"
                  }
                ]
              }
            ],
            "description": "Workgroup for data engineering team",
            "force_destroy": false,
            "id": "fintech-data-engineering-dev",
            "name": "fintech-data-engineering-dev",
            "state": "ENABLED",
            "tags": {
              "Environment": "dev",
              "Project": "fintech",
              "Team": "data-engineering"
            },
            "tags_all": {
              "Environment": "dev",
              "Project": "fintech",
              "Team": "data-engineering"
            }
          },
          "sensitive_attributes": [],
          "private": "bnVsbA=="
        }
      ]
    },
    {
      "module": "module.glue",
      "mode": "managed",
      "type": "aws_glue_catalog_database",
      "name": "bronze",
      "provider": "provider[\"registry.terraform.io/hashicorp/aws\"]",
      "instances": [
        {
          "schema_version": 0,
          "attributes": {
            "arn": "arn:aws:glue:ap-south-1:512584596315:database/fintech_bronze_dev",
            "catalog_id": "512584596315",
            "create_table_default_permission": [
              {
                "permissions": [
                  "ALL"
                ],
                "principal": [
                  {
                    "data_lake_principal_identifier": "IAM_ALLOWED_PRINCIPALS"
                  }
                ]
              }
            ],
            "description": "Bronze layer raw data catalog",
            "federated_database": [],
            "id": "512584596315:fintech_bronze_dev",
            "location_uri": "",
            "name": "fintech_bronze_dev",
            "parameters": {},
            "tags": {},
            "tags_all": {},
            "target_database": []
          },
          "sensitive_attributes": [],
          "private": "bnVsbA=="
        }
      ]
    },
    {
      "module": "module.glue",
      "mode": "managed",
      "type": "aws_glue_catalog_database",
      "name": "gold",
      "provider": "provider[\"registry.terraform.io/hashicorp/aws\"]",
      "instances": [
        {
          "schema_version": 0,
          "attributes": {
            "arn": "arn:aws:glue:ap-south-1:512584596315:database/fintech_gold_dev",
            "catalog_id": "512584596315",
            "create_table_default_permission": [
              {
                "permissions": [
                  "ALL"
                ],
                "principal": [
                  {
                    "data_lake_principal_identifier": "IAM_ALLOWED_PRINCIPALS"
                  }
                ]
              }
            ],
            "description": "Gold layer business data catalog",
            "federated_database": [],
            "id": "512584596315:fintech_gold_dev",
            "location_uri": "",
            "name": "fintech_gold_dev",
            "parameters": {},
            "tags": {},
            "tags_all": {},
            "target_database": []
          },
          "sensitive_attributes": [],
          "private": "bnVsbA=="
        }
      ]
    },
    {
      "module": "module.glue",
      "mode": "managed",
      "type": "aws_glue_catalog_database",
      "name": "silver",
      "provider": "provider[\"registry.terraform.io/hashicorp/aws\"]",
      "instances": [
        {
          "schema_version": 0,
          "attributes": {
            "arn": "arn:aws:glue:ap-south-1:512584596315:database/fintech_silver_dev",
            "catalog_id": "512584596315",
            "create_table_default_permission": [
              {
                "permissions": [
                  "ALL"
                ],
                "principal": [
                  {
                    "data_lake_principal_identifier": "IAM_ALLOWED_PRINCIPALS"
                  }
                ]
              }
            ],
            "description": "Silver layer cleaned data catalog",
            "federated_database": [],
            "id": "512584596315:fintech_silver_dev",
            "location_uri": "",
            "name": "fintech_silver_dev",
            "parameters": {},
            "tags": {},
            "tags_all": {},
            "target_database": []
          },
          "sensitive_attributes": [],
          "private": "bnVsbA=="
        }
      ]
    },
    {
      "module": "module.glue",
      "mode": "managed",
      "type": "aws_glue_crawler",
      "name": "customers",
      "provider": "provider[\"registry.terraform.io/hashicorp/aws\"]",
      "instances": [
        {
          "schema_version": 0,
          "attributes": {
            "arn": "arn:aws:glue:ap-south-1:512584596315:crawler/fintech-customers-crawler-dev",
            "catalog_target": [],
            "classifiers": [],
            "configuration": "{\"Version\":1.0,\"CrawlerOutput\":{\"Tables\":{\"AddOrUpdateBehavior\":\"MergeNewColumns\"}}}",
            "database_name": "fintech_bronze_dev",
            "delta_target": [],
            "description": "Crawls customer data in Bronze S3",
            "dynamodb_target": [],
            "hudi_target": [],
            "iceberg_target": [],
            "id": "fintech-customers-crawler-dev",
            "jdbc_target": [],
            "lake_formation_configuration": [
              {
                "account_id": "",
                "use_lake_formation_credentials": false
              }
            ],
            "lineage_configuration": [
              {
                "crawler_lineage_settings": "DISABLE"
              }
            ],
            "mongodb_target": [],
            "name": "fintech-customers-crawler-dev",
            "recrawl_policy": [
              {
                "recrawl_behavior": "CRAWL_EVERYTHING"
              }
            ],
            "role": "fintech-glue-role-dev",
            "s3_target": [
              {
                "connection_name": "",
                "dlq_event_queue_arn": "",
                "event_queue_arn": "",
                "exclusions": [],
                "path": "s3://fintech-bronze-dev/customers/",
                "sample_size": 0
              }
            ],
            "schedule": "cron(0 1 * * ? *)",
            "schema_change_policy": [
              {
                "delete_behavior": "LOG",
                "update_behavior": "LOG"
              }
            ],
            "security_configuration": "",
            "table_prefix": "",
            "tags": {
              "Environment": "dev",
              "Project": "fintech"
            },
            "tags_all": {
              "Environment": "dev",
              "Project": "fintech"
            }
          },
          "sensitive_attributes": [],
          "private": "bnVsbA==",
          "dependencies": [
            "module.glue.aws_glue_catalog_database.bronze"
          ]
        }
      ]
    },
    {
      "module": "module.glue",
      "mode": "managed",
      "type": "aws_glue_crawler",
      "name": "kyc",
      "provider": "provider[\"registry.terraform.io/hashicorp/aws\"]",
      "instances": [
        {
          "schema_version": 0,
          "attributes": {
            "arn": "arn:aws:glue:ap-south-1:512584596315:crawler/fintech-kyc-crawler-dev",
            "catalog_target": [],
            "classifiers": [],
            "configuration": "{\"Version\":1.0,\"CrawlerOutput\":{\"Tables\":{\"AddOrUpdateBehavior\":\"MergeNewColumns\"}}}",
            "database_name": "fintech_bronze_dev",
            "delta_target": [],
            "description": "Crawls KYC data in Bronze S3",
            "dynamodb_target": [],
            "hudi_target": [],
            "iceberg_target": [],
            "id": "fintech-kyc-crawler-dev",
            "jdbc_target": [],
            "lake_formation_configuration": [
              {
                "account_id": "",
                "use_lake_formation_credentials": false
              }
            ],
            "lineage_configuration": [
              {
                "crawler_lineage_settings": "DISABLE"
              }
            ],
            "mongodb_target": [],
            "name": "fintech-kyc-crawler-dev",
            "recrawl_policy": [
              {
                "recrawl_behavior": "CRAWL_EVERYTHING"
              }
            ],
            "role": "fintech-glue-role-dev",
            "s3_target": [
              {
                "connection_name": "",
                "dlq_event_queue_arn": "",
                "event_queue_arn": "",
                "exclusions": [],
                "path": "s3://fintech-bronze-dev/kyc/",
                "sample_size": 0
              }
            ],
            "schedule": "cron(0 1 * * ? *)",
            "schema_change_policy": [
              {
                "delete_behavior": "LOG",
                "update_behavior": "LOG"
              }
            ],
            "security_configuration": "",
            "table_prefix": "",
            "tags": {
              "Environment": "dev",
              "Project": "fintech"
            },
            "tags_all": {
              "Environment": "dev",
              "Project": "fintech"
            }
          },
          "sensitive_attributes": [],
          "private": "bnVsbA==",
          "dependencies": [
            "module.glue.aws_glue_catalog_database.bronze"
          ]
        }
      ]
    },
    {
      "module": "module.glue",
      "mode": "managed",
      "type": "aws_glue_crawler",
      "name": "support_tickets",
      "provider": "provider[\"registry.terraform.io/hashicorp/aws\"]",
      "instances": [
        {
          "schema_version": 0,
          "attributes": {
            "arn": "arn:aws:glue:ap-south-1:512584596315:crawler/fintech-tickets-crawler-dev",
            "catalog_target": [],
            "classifiers": [],
            "configuration": "{\"Version\":1.0,\"CrawlerOutput\":{\"Tables\":{\"AddOrUpdateBehavior\":\"MergeNewColumns\"}}}",
            "database_name": "fintech_bronze_dev",
            "delta_target": [],
            "description": "Crawls support ticket data in Bronze S3",
            "dynamodb_target": [],
            "hudi_target": [],
            "iceberg_target": [],
            "id": "fintech-tickets-crawler-dev",
            "jdbc_target": [],
            "lake_formation_configuration": [
              {
                "account_id": "",
                "use_lake_formation_credentials": false
              }
            ],
            "lineage_configuration": [
              {
                "crawler_lineage_settings": "DISABLE"
              }
            ],
            "mongodb_target": [],
            "name": "fintech-tickets-crawler-dev",
            "recrawl_policy": [
              {
                "recrawl_behavior": "CRAWL_EVERYTHING"
              }
            ],
            "role": "fintech-glue-role-dev",
            "s3_target": [
              {
                "connection_name": "",
                "dlq_event_queue_arn": "",
                "event_queue_arn": "",
                "exclusions": [],
                "path": "s3://fintech-bronze-dev/support_tickets/",
                "sample_size": 0
              }
            ],
            "schedule": "cron(0 1 * * ? *)",
            "schema_change_policy": [
              {
                "delete_behavior": "LOG",
                "update_behavior": "LOG"
              }
            ],
            "security_configuration": "",
            "table_prefix": "",
            "tags": {
              "Environment": "dev",
              "Project": "fintech"
            },
            "tags_all": {
              "Environment": "dev",
              "Project": "fintech"
            }
          },
          "sensitive_attributes": [],
          "private": "bnVsbA==",
          "dependencies": [
            "module.glue.aws_glue_catalog_database.bronze"
          ]
        }
      ]
    },
    {
      "module": "module.glue",
      "mode": "managed",
      "type": "aws_glue_crawler",
      "name": "transactions",
      "provider": "provider[\"registry.terraform.io/hashicorp/aws\"]",
      "instances": [
        {
          "schema_version": 0,
          "attributes": {
            "arn": "arn:aws:glue:ap-south-1:512584596315:crawler/fintech-transactions-crawler-dev",
            "catalog_target": [],
            "classifiers": [],
            "configuration": "{\"Version\":1.0,\"CrawlerOutput\":{\"Partitions\":{\"AddOrUpdateBehavior\":\"InheritFromTable\"},\"Tables\":{\"AddOrUpdateBehavior\":\"MergeNewColumns\"}}}",
            "database_name": "fintech_bronze_dev",
            "delta_target": [],
            "description": "Crawls transaction data in Bronze S3",
            "dynamodb_target": [],
            "hudi_target": [],
            "iceberg_target": [],
            "id": "fintech-transactions-crawler-dev",
            "jdbc_target": [],
            "lake_formation_configuration": [
              {
                "account_id": "",
                "use_lake_formation_credentials": false
              }
            ],
            "lineage_configuration": [
              {
                "crawler_lineage_settings": "DISABLE"
              }
            ],
            "mongodb_target": [],
            "name": "fintech-transactions-crawler-dev",
            "recrawl_policy": [
              {
                "recrawl_behavior": "CRAWL_NEW_FOLDERS_ONLY"
              }
            ],
            "role": "fintech-glue-role-dev",
            "s3_target": [
              {
                "connection_name": "",
                "dlq_event_queue_arn": "",
                "event_queue_arn": "",
                "exclusions": [],
                "path": "s3://fintech-bronze-dev/transactions/",
                "sample_size": 0
              }
            ],
            "schedule": "cron(0 1 * * ? *)",
            "schema_change_policy": [
              {
                "delete_behavior": "LOG",
                "update_behavior": "LOG"
              }
            ],
            "security_configuration": "",
            "table_prefix": "",
            "tags": {
              "Environment": "dev",
              "Project": "fintech"
            },
            "tags_all": {
              "Environment": "dev",
              "Project": "fintech"
            }
          },
          "sensitive_attributes": [],
          "private": "bnVsbA==",
          "dependencies": [
            "module.glue.aws_glue_catalog_database.bronze"
          ]
        }
      ]
    },
    {
      "module": "module.glue",
      "mode": "managed",
      "type": "aws_glue_job",
      "name": "bronze_to_silver",
      "provider": "provider[\"registry.terraform.io/hashicorp/aws\"]",
      "instances": [
        {
          "schema_version": 0,
          "attributes": {
            "arn": "arn:aws:glue:ap-south-1:512584596315:job/fintech-bronze-to-silver-dev",
            "command": [
              {
                "name": "glueetl",
                "python_version": "3",
                "runtime": "",
                "script_location": "s3://fintech-bronze-dev/scripts/bronze_to_silver.py"
              }
            ],
            "connections": [],
            "default_arguments": {
              "--TempDir": "s3://fintech-bronze-dev/temp/",
              "--conf": "spark.sql.extensions=io.delta.sql.DeltaSparkSessionExtension --conf spark.sql.catalog.spark_catalog=org.apache.spark.sql.delta.catalog.DeltaCatalog",
              "--datalake-formats": "delta",
              "--enable-glue-datacatalog": "true",
              "--enable-job-insights": "true",
              "--enable-metrics": "true",
              "--job-language": "python"
            },
            "description": "",
            "execution_class": "",
            "execution_property": [
              {
                "max_concurrent_runs": 1
              }
            ],
            "glue_version": "4.0",
            "id": "fintech-bronze-to-silver-dev",
            "job_run_queuing_enabled": false,
            "maintenance_window": "",
            "max_capacity": 5,
            "max_retries": 0,
            "name": "fintech-bronze-to-silver-dev",
            "non_overridable_arguments": {},
            "notification_property": [],
            "number_of_workers": 5,
            "role_arn": "arn:aws:iam::512584596315:role/fintech-glue-role-dev",
            "security_configuration": "",
            "source_control_details": [],
            "tags": {
              "Environment": "dev",
              "Project": "fintech"
            },
            "tags_all": {
              "Environment": "dev",
              "Project": "fintech"
            },
            "timeout": 60,
            "worker_type": "G.1X"
          },
          "sensitive_attributes": [],
          "private": "bnVsbA=="
        }
      ]
    },
    {
      "module": "module.glue",
      "mode": "managed",
      "type": "aws_glue_job",
      "name": "silver_to_gold",
      "provider": "provider[\"registry.terraform.io/hashicorp/aws\"]",
      "instances": [
        {
          "schema_version": 0,
          "attributes": {
            "arn": "arn:aws:glue:ap-south-1:512584596315:job/fintech-silver-to-gold-dev",
            "command": [
              {
                "name": "glueetl",
                "python_version": "3",
                "runtime": "",
                "script_location": "s3://fintech-bronze-dev/scripts/silver_to_gold.py"
              }
            ],
            "connections": [],
            "default_arguments": {
              "--TempDir": "s3://fintech-bronze-dev/temp/",
              "--conf": "spark.sql.extensions=io.delta.sql.DeltaSparkSessionExtension --conf spark.sql.catalog.spark_catalog=org.apache.spark.sql.delta.catalog.DeltaCatalog",
              "--datalake-formats": "delta",
              "--enable-glue-datacatalog": "true",
              "--enable-job-insights": "true",
              "--enable-metrics": "true",
              "--job-language": "python"
            },
            "description": "",
            "execution_class": "",
            "execution_property": [
              {
                "max_concurrent_runs": 1
              }
            ],
            "glue_version": "4.0",
            "id": "fintech-silver-to-gold-dev",
            "job_run_queuing_enabled": false,
            "maintenance_window": "",
            "max_capacity": 5,
            "max_retries": 0,
            "name": "fintech-silver-to-gold-dev",
            "non_overridable_arguments": {},
            "notification_property": [],
            "number_of_workers": 5,
            "role_arn": "arn:aws:iam::512584596315:role/fintech-glue-role-dev",
            "security_configuration": "",
            "source_control_details": [],
            "tags": {
              "Environment": "dev",
              "Project": "fintech"
            },
            "tags_all": {
              "Environment": "dev",
              "Project": "fintech"
            },
            "timeout": 60,
            "worker_type": "G.1X"
          },
          "sensitive_attributes": [],
          "private": "bnVsbA=="
        }
      ]
    },
    {
      "module": "module.iam",
      "mode": "managed",
      "type": "aws_iam_role",
      "name": "airflow_role",
      "provider": "provider[\"registry.terraform.io/hashicorp/aws\"]",
      "instances": [
        {
          "schema_version": 0,
          "attributes": {
            "arn": "arn:aws:iam::512584596315:role/fintech-airflow-role-dev",
            "assume_role_policy": "{\"Statement\":[{\"Action\":\"sts:AssumeRole\",\"Effect\":\"Allow\",\"Principal\":{\"Service\":\"airflow.amazonaws.com\"}}],\"Version\":\"2012-10-17\"}",
            "create_date": "2026-05-02T18:05:37Z",
            "description": "",
            "force_detach_policies": false,
            "id": "fintech-airflow-role-dev",
            "inline_policy": [
              {
                "name": "fintech-airflow-policy-dev",
                "policy": "{\"Version\":\"2012-10-17\",\"Statement\":[{\"Action\":[\"glue:StartJobRun\",\"glue:GetJobRun\",\"glue:GetJobRuns\",\"glue:BatchStopJobRun\"],\"Effect\":\"Allow\",\"Resource\":\"arn:aws:glue:ap-south-1:*:job/fintech-*\"},{\"Action\":[\"s3:GetObject\",\"s3:PutObject\",\"s3:ListBucket\"],\"Effect\":\"Allow\",\"Resource\":[\"arn:aws:s3:::fintech-*/*\",\"arn:aws:s3:::fintech-*\"]},{\"Action\":[\"sns:Publish\"],\"Effect\":\"Allow\",\"Resource\":\"arn:aws:sns:ap-south-1:*:fintech-*\"}]}"
              }
            ],
            "managed_policy_arns": [],
            "max_session_duration": 3600,
            "name": "fintech-airflow-role-dev",
            "name_prefix": "",
            "path": "/",
            "permissions_boundary": "",
            "tags": {},
            "tags_all": {},
            "unique_id": "AROAXOWDMHNNT2CUBIIGD"
          },
          "sensitive_attributes": [],
          "private": "bnVsbA=="
        }
      ]
    },
    {
      "module": "module.iam",
      "mode": "managed",
      "type": "aws_iam_role",
      "name": "glue_role",
      "provider": "provider[\"registry.terraform.io/hashicorp/aws\"]",
      "instances": [
        {
          "schema_version": 0,
          "attributes": {
            "arn": "arn:aws:iam::512584596315:role/fintech-glue-role-dev",
            "assume_role_policy": "{\"Statement\":[{\"Action\":\"sts:AssumeRole\",\"Effect\":\"Allow\",\"Principal\":{\"Service\":\"glue.amazonaws.com\"}}],\"Version\":\"2012-10-17\"}",
            "create_date": "2026-05-02T18:05:37Z",
            "description": "",
            "force_detach_policies": false,
            "id": "fintech-glue-role-dev",
            "inline_policy": [
              {
                "name": "fintech-glue-s3-policy-dev",
                "policy": "{\"Version\":\"2012-10-17\",\"Statement\":[{\"Action\":[\"s3:GetObject\",\"s3:PutObject\",\"s3:DeleteObject\",\"s3:ListBucket\"],\"Effect\":\"Allow\",\"Resource\":[\"arn:aws:s3:::fintech-bronze-dev/*\",\"arn:aws:s3:::fintech-silver-dev/*\",\"arn:aws:s3:::fintech-gold-dev/*\",\"arn:aws:s3:::fintech-dlq-dev/*\",\"arn:aws:s3:::fintech-bronze-dev\",\"arn:aws:s3:::fintech-silver-dev\",\"arn:aws:s3:::fintech-gold-dev\",\"arn:aws:s3:::fintech-dlq-dev\"]},{\"Action\":[\"glue:GetDatabase\",\"glue:GetDatabases\",\"glue:CreateDatabase\",\"glue:GetTable\",\"glue:GetTables\",\"glue:CreateTable\",\"glue:UpdateTable\",\"glue:DeleteTable\",\"glue:GetPartition\",\"glue:GetPartitions\",\"glue:CreatePartition\",\"glue:UpdatePartition\",\"glue:BatchCreatePartition\",\"glue:BatchGetPartition\"],\"Effect\":\"Allow\",\"Resource\":\"*\"},{\"Action\":[\"logs:CreateLogGroup\",\"logs:CreateLogStream\",\"logs:PutLogEvents\"],\"Effect\":\"Allow\",\"Resource\":\"arn:aws:logs:*:*:*\"}]}"
              }
            ],
            "managed_policy_arns": [],
            "max_session_duration": 3600,
            "name": "fintech-glue-role-dev",
            "name_prefix": "",
            "path": "/",
            "permissions_boundary": "",
            "tags": {},
            "tags_all": {},
            "unique_id": "AROAXOWDMHNNX7IQKICOX"
          },
          "sensitive_attributes": [],
          "private": "bnVsbA=="
        }
      ]
    },
    {
      "module": "module.iam",
      "mode": "managed",
      "type": "aws_iam_role",
      "name": "lambda_role",
      "provider": "provider[\"registry.terraform.io/hashicorp/aws\"]",
      "instances": [
        {
          "schema_version": 0,
          "attributes": {
            "arn": "arn:aws:iam::512584596315:role/fintech-lambda-role-dev",
            "assume_role_policy": "{\"Statement\":[{\"Action\":\"sts:AssumeRole\",\"Effect\":\"Allow\",\"Principal\":{\"Service\":\"lambda.amazonaws.com\"}}],\"Version\":\"2012-10-17\"}",
            "create_date": "2026-05-02T18:05:37Z",
            "description": "",
            "force_detach_policies": false,
            "id": "fintech-lambda-role-dev",
            "inline_policy": [
              {
                "name": "fintech-lambda-policy-dev",
                "policy": "{\"Version\":\"2012-10-17\",\"Statement\":[{\"Action\":[\"dynamodb:PutItem\",\"dynamodb:GetItem\",\"dynamodb:DeleteItem\",\"dynamodb:UpdateItem\",\"dynamodb:Query\",\"dynamodb:Scan\"],\"Effect\":\"Allow\",\"Resource\":\"arn:aws:dynamodb:ap-south-1:*:table/fintech-*\"},{\"Action\":[\"sagemaker:InvokeEndpoint\"],\"Effect\":\"Allow\",\"Resource\":\"arn:aws:sagemaker:ap-south-1:*:endpoint/fintech-*\"},{\"Action\":[\"s3:GetObject\",\"s3:PutObject\",\"s3:ListBucket\"],\"Effect\":\"Allow\",\"Resource\":[\"arn:aws:s3:::fintech-*/*\",\"arn:aws:s3:::fintech-*\"]},{\"Action\":[\"logs:CreateLogGroup\",\"logs:CreateLogStream\",\"logs:PutLogEvents\"],\"Effect\":\"Allow\",\"Resource\":\"arn:aws:logs:*:*:*\"}]}"
              }
            ],
            "managed_policy_arns": [],
            "max_session_duration": 3600,
            "name": "fintech-lambda-role-dev",
            "name_prefix": "",
            "path": "/",
            "permissions_boundary": "",
            "tags": {},
            "tags_all": {},
            "unique_id": "AROAXOWDMHNNSM447XJYU"
          },
          "sensitive_attributes": [],
          "private": "bnVsbA=="
        }
      ]
    },
    {
      "module": "module.iam",
      "mode": "managed",
      "type": "aws_iam_role",
      "name": "stepfunctions_role",
      "provider": "provider[\"registry.terraform.io/hashicorp/aws\"]",
      "instances": [
        {
          "schema_version": 0,
          "attributes": {
            "arn": "arn:aws:iam::512584596315:role/fintech-stepfunctions-role-dev",
            "assume_role_policy": "{\"Statement\":[{\"Action\":\"sts:AssumeRole\",\"Effect\":\"Allow\",\"Principal\":{\"Service\":\"states.amazonaws.com\"}}],\"Version\":\"2012-10-17\"}",
            "create_date": "2026-05-02T18:05:37Z",
            "description": "",
            "force_detach_policies": false,
            "id": "fintech-stepfunctions-role-dev",
            "inline_policy": [
              {
                "name": "fintech-stepfunctions-policy-dev",
                "policy": "{\"Version\":\"2012-10-17\",\"Statement\":[{\"Action\":[\"lambda:InvokeFunction\"],\"Effect\":\"Allow\",\"Resource\":\"arn:aws:lambda:ap-south-1:*:function:fintech-*\"}]}"
              }
            ],
            "managed_policy_arns": [],
            "max_session_duration": 3600,
            "name": "fintech-stepfunctions-role-dev",
            "name_prefix": "",
            "path": "/",
            "permissions_boundary": "",
            "tags": {},
            "tags_all": {},
            "unique_id": "AROAXOWDMHNN4EZATWCWF"
          },
          "sensitive_attributes": [],
          "private": "bnVsbA=="
        }
      ]
    },
    {
      "module": "module.iam",
      "mode": "managed",
      "type": "aws_iam_role_policy",
      "name": "airflow_policy",
      "provider": "provider[\"registry.terraform.io/hashicorp/aws\"]",
      "instances": [
        {
          "schema_version": 0,
          "attributes": {
            "id": "fintech-airflow-role-dev:fintech-airflow-policy-dev",
            "name": "fintech-airflow-policy-dev",
            "name_prefix": "",
            "policy": "{\"Version\":\"2012-10-17\",\"Statement\":[{\"Action\":[\"glue:StartJobRun\",\"glue:GetJobRun\",\"glue:GetJobRuns\",\"glue:BatchStopJobRun\"],\"Effect\":\"Allow\",\"Resource\":\"arn:aws:glue:ap-south-1:*:job/fintech-*\"},{\"Action\":[\"s3:GetObject\",\"s3:PutObject\",\"s3:ListBucket\"],\"Effect\":\"Allow\",\"Resource\":[\"arn:aws:s3:::fintech-*/*\",\"arn:aws:s3:::fintech-*\"]},{\"Action\":[\"sns:Publish\"],\"Effect\":\"Allow\",\"Resource\":\"arn:aws:sns:ap-south-1:*:fintech-*\"}]}",
            "role": "fintech-airflow-role-dev"
          },
          "sensitive_attributes": [],
          "private": "bnVsbA==",
          "dependencies": [
            "module.iam.aws_iam_role.airflow_role"
          ]
        }
      ]
    },
    {
      "module": "module.iam",
      "mode": "managed",
      "type": "aws_iam_role_policy",
      "name": "glue_s3_policy",
      "provider": "provider[\"registry.terraform.io/hashicorp/aws\"]",
      "instances": [
        {
          "schema_version": 0,
          "attributes": {
            "id": "fintech-glue-role-dev:fintech-glue-s3-policy-dev",
            "name": "fintech-glue-s3-policy-dev",
            "name_prefix": "",
            "policy": "{\"Version\":\"2012-10-17\",\"Statement\":[{\"Action\":[\"s3:GetObject\",\"s3:PutObject\",\"s3:DeleteObject\",\"s3:ListBucket\"],\"Effect\":\"Allow\",\"Resource\":[\"arn:aws:s3:::fintech-bronze-dev/*\",\"arn:aws:s3:::fintech-silver-dev/*\",\"arn:aws:s3:::fintech-gold-dev/*\",\"arn:aws:s3:::fintech-dlq-dev/*\",\"arn:aws:s3:::fintech-bronze-dev\",\"arn:aws:s3:::fintech-silver-dev\",\"arn:aws:s3:::fintech-gold-dev\",\"arn:aws:s3:::fintech-dlq-dev\"]},{\"Action\":[\"glue:GetDatabase\",\"glue:GetDatabases\",\"glue:CreateDatabase\",\"glue:GetTable\",\"glue:GetTables\",\"glue:CreateTable\",\"glue:UpdateTable\",\"glue:DeleteTable\",\"glue:GetPartition\",\"glue:GetPartitions\",\"glue:CreatePartition\",\"glue:UpdatePartition\",\"glue:BatchCreatePartition\",\"glue:BatchGetPartition\"],\"Effect\":\"Allow\",\"Resource\":\"*\"},{\"Action\":[\"logs:CreateLogGroup\",\"logs:CreateLogStream\",\"logs:PutLogEvents\"],\"Effect\":\"Allow\",\"Resource\":\"arn:aws:logs:*:*:*\"}]}",
            "role": "fintech-glue-role-dev"
          },
          "sensitive_attributes": [],
          "private": "bnVsbA==",
          "dependencies": [
            "module.iam.aws_iam_role.glue_role"
          ]
        }
      ]
    },
    {
      "module": "module.iam",
      "mode": "managed",
      "type": "aws_iam_role_policy",
      "name": "lambda_policy",
      "provider": "provider[\"registry.terraform.io/hashicorp/aws\"]",
      "instances": [
        {
          "schema_version": 0,
          "attributes": {
            "id": "fintech-lambda-role-dev:fintech-lambda-policy-dev",
            "name": "fintech-lambda-policy-dev",
            "name_prefix": "",
            "policy": "{\"Version\":\"2012-10-17\",\"Statement\":[{\"Action\":[\"dynamodb:PutItem\",\"dynamodb:GetItem\",\"dynamodb:DeleteItem\",\"dynamodb:UpdateItem\",\"dynamodb:Query\",\"dynamodb:Scan\"],\"Effect\":\"Allow\",\"Resource\":\"arn:aws:dynamodb:ap-south-1:*:table/fintech-*\"},{\"Action\":[\"sagemaker:InvokeEndpoint\"],\"Effect\":\"Allow\",\"Resource\":\"arn:aws:sagemaker:ap-south-1:*:endpoint/fintech-*\"},{\"Action\":[\"s3:GetObject\",\"s3:PutObject\",\"s3:ListBucket\"],\"Effect\":\"Allow\",\"Resource\":[\"arn:aws:s3:::fintech-*/*\",\"arn:aws:s3:::fintech-*\"]},{\"Action\":[\"logs:CreateLogGroup\",\"logs:CreateLogStream\",\"logs:PutLogEvents\"],\"Effect\":\"Allow\",\"Resource\":\"arn:aws:logs:*:*:*\"}]}",
            "role": "fintech-lambda-role-dev"
          },
          "sensitive_attributes": [],
          "private": "bnVsbA==",
          "dependencies": [
            "module.iam.aws_iam_role.lambda_role"
          ]
        }
      ]
    },
    {
      "module": "module.iam",
      "mode": "managed",
      "type": "aws_iam_role_policy",
      "name": "stepfunctions_policy",
      "provider": "provider[\"registry.terraform.io/hashicorp/aws\"]",
      "instances": [
        {
          "schema_version": 0,
          "attributes": {
            "id": "fintech-stepfunctions-role-dev:fintech-stepfunctions-policy-dev",
            "name": "fintech-stepfunctions-policy-dev",
            "name_prefix": "",
            "policy": "{\"Version\":\"2012-10-17\",\"Statement\":[{\"Action\":[\"lambda:InvokeFunction\"],\"Effect\":\"Allow\",\"Resource\":\"arn:aws:lambda:ap-south-1:*:function:fintech-*\"}]}",
            "role": "fintech-stepfunctions-role-dev"
          },
          "sensitive_attributes": [],
          "private": "bnVsbA==",
          "dependencies": [
            "module.iam.aws_iam_role.stepfunctions_role"
          ]
        }
      ]
    },
    {
      "module": "module.kms",
      "mode": "managed",
      "type": "aws_kms_alias",
      "name": "pii_key_alias",
      "provider": "provider[\"registry.terraform.io/hashicorp/aws\"]",
      "instances": [
        {
          "schema_version": 0,
          "attributes": {
            "arn": "arn:aws:kms:ap-south-1:512584596315:alias/fintech-pii-dev",
            "id": "alias/fintech-pii-dev",
            "name": "alias/fintech-pii-dev",
            "name_prefix": "",
            "target_key_arn": "arn:aws:kms:ap-south-1:512584596315:key/75193767-8cfb-4156-99f4-3e47f85b3d88",
            "target_key_id": "75193767-8cfb-4156-99f4-3e47f85b3d88"
          },
          "sensitive_attributes": [],
          "private": "bnVsbA==",
          "dependencies": [
            "module.kms.aws_kms_key.pii_key"
          ]
        }
      ]
    },
    {
      "module": "module.kms",
      "mode": "managed",
      "type": "aws_kms_key",
      "name": "pii_key",
      "provider": "provider[\"registry.terraform.io/hashicorp/aws\"]",
      "instances": [
        {
          "schema_version": 0,
          "attributes": {
            "arn": "arn:aws:kms:ap-south-1:512584596315:key/75193767-8cfb-4156-99f4-3e47f85b3d88",
            "bypass_policy_lockout_safety_check": false,
            "custom_key_store_id": "",
            "customer_master_key_spec": "SYMMETRIC_DEFAULT",
            "deletion_window_in_days": 7,
            "description": "fintech-pii-encryption-dev",
            "enable_key_rotation": true,
            "id": "75193767-8cfb-4156-99f4-3e47f85b3d88",
            "is_enabled": true,
            "key_id": "75193767-8cfb-4156-99f4-3e47f85b3d88",
            "key_usage": "ENCRYPT_DECRYPT",
            "multi_region": false,
            "policy": "{\"Id\":\"key-default-1\",\"Statement\":[{\"Action\":\"kms:*\",\"Effect\":\"Allow\",\"Principal\":{\"AWS\":\"arn:aws:iam::512584596315:root\"},\"Resource\":\"*\",\"Sid\":\"Enable IAM User Permissions\"}],\"Version\":\"2012-10-17\"}",
            "rotation_period_in_days": 365,
            "tags": {
              "Environment": "dev",
              "Name": "fintech-pii-key-dev",
              "Project": "fintech",
              "Purpose": "PII encryption for GDPR compliance"
            },
            "tags_all": {
              "Environment": "dev",
              "Name": "fintech-pii-key-dev",
              "Project": "fintech",
              "Purpose": "PII encryption for GDPR compliance"
            },
            "timeouts": null,
            "xks_key_id": ""
          },
          "sensitive_attributes": [],
          "private": "eyJlMmJmYjczMC1lY2FhLTExZTYtOGY4OC0zNDM2M2JjN2M0YzAiOnsiY3JlYXRlIjoxMjAwMDAwMDAwMDB9fQ=="
        }
      ]
    },
    {
      "module": "module.lake_formation",
      "mode": "managed",
      "type": "aws_lakeformation_permissions",
      "name": "glue_role_bronze",
      "provider": "provider[\"registry.terraform.io/hashicorp/aws\"]",
      "instances": [
        {
          "schema_version": 0,
          "attributes": {
            "catalog_id": null,
            "catalog_resource": false,
            "data_cells_filter": [],
            "data_location": [],
            "database": [
              {
                "catalog_id": "512584596315",
                "name": "fintech_bronze_dev"
              }
            ],
            "id": "1454281782",
            "lf_tag": [],
            "lf_tag_policy": [],
            "permissions": [
              "ALL"
            ],
            "permissions_with_grant_option": [],
            "principal": "arn:aws:iam::512584596315:role/fintech-glue-role-dev",
            "table": [],
            "table_with_columns": []
          },
          "sensitive_attributes": [],
          "private": "bnVsbA=="
        }
      ]
    },
    {
      "module": "module.lake_formation",
      "mode": "managed",
      "type": "aws_lakeformation_permissions",
      "name": "glue_role_gold",
      "provider": "provider[\"registry.terraform.io/hashicorp/aws\"]",
      "instances": [
        {
          "schema_version": 0,
          "attributes": {
            "catalog_id": null,
            "catalog_resource": false,
            "data_cells_filter": [],
            "data_location": [],
            "database": [
              {
                "catalog_id": "512584596315",
                "name": "fintech_gold_dev"
              }
            ],
            "id": "2970330765",
            "lf_tag": [],
            "lf_tag_policy": [],
            "permissions": [
              "ALL"
            ],
            "permissions_with_grant_option": [],
            "principal": "arn:aws:iam::512584596315:role/fintech-glue-role-dev",
            "table": [],
            "table_with_columns": []
          },
          "sensitive_attributes": [],
          "private": "bnVsbA=="
        }
      ]
    },
    {
      "module": "module.lake_formation",
      "mode": "managed",
      "type": "aws_lakeformation_permissions",
      "name": "glue_role_silver",
      "provider": "provider[\"registry.terraform.io/hashicorp/aws\"]",
      "instances": [
        {
          "schema_version": 0,
          "attributes": {
            "catalog_id": null,
            "catalog_resource": false,
            "data_cells_filter": [],
            "data_location": [],
            "database": [
              {
                "catalog_id": "512584596315",
                "name": "fintech_silver_dev"
              }
            ],
            "id": "2083536227",
            "lf_tag": [],
            "lf_tag_policy": [],
            "permissions": [
              "ALL"
            ],
            "permissions_with_grant_option": [],
            "principal": "arn:aws:iam::512584596315:role/fintech-glue-role-dev",
            "table": [],
            "table_with_columns": []
          },
          "sensitive_attributes": [],
          "private": "bnVsbA=="
        }
      ]
    },
    {
      "module": "module.lake_formation",
      "mode": "managed",
      "type": "aws_lakeformation_resource",
      "name": "bronze_bucket",
      "provider": "provider[\"registry.terraform.io/hashicorp/aws\"]",
      "instances": [
        {
          "schema_version": 0,
          "attributes": {
            "arn": "arn:aws:s3:::fintech-bronze-dev",
            "hybrid_access_enabled": false,
            "id": "arn:aws:s3:::fintech-bronze-dev",
            "last_modified": null,
            "role_arn": "arn:aws:iam::512584596315:role/aws-service-role/lakeformation.amazonaws.com/AWSServiceRoleForLakeFormationDataAccess",
            "use_service_linked_role": null,
            "with_federation": false
          },
          "sensitive_attributes": [],
          "private": "bnVsbA=="
        }
      ]
    },
    {
      "module": "module.lake_formation",
      "mode": "managed",
      "type": "aws_lakeformation_resource",
      "name": "gold_bucket",
      "provider": "provider[\"registry.terraform.io/hashicorp/aws\"]",
      "instances": [
        {
          "schema_version": 0,
          "attributes": {
            "arn": "arn:aws:s3:::fintech-gold-dev",
            "hybrid_access_enabled": false,
            "id": "arn:aws:s3:::fintech-gold-dev",
            "last_modified": null,
            "role_arn": "arn:aws:iam::512584596315:role/aws-service-role/lakeformation.amazonaws.com/AWSServiceRoleForLakeFormationDataAccess",
            "use_service_linked_role": null,
            "with_federation": false
          },
          "sensitive_attributes": [],
          "private": "bnVsbA=="
        }
      ]
    },
    {
      "module": "module.lake_formation",
      "mode": "managed",
      "type": "aws_lakeformation_resource",
      "name": "silver_bucket",
      "provider": "provider[\"registry.terraform.io/hashicorp/aws\"]",
      "instances": [
        {
          "schema_version": 0,
          "attributes": {
            "arn": "arn:aws:s3:::fintech-silver-dev",
            "hybrid_access_enabled": false,
            "id": "arn:aws:s3:::fintech-silver-dev",
            "last_modified": null,
            "role_arn": "arn:aws:iam::512584596315:role/aws-service-role/lakeformation.amazonaws.com/AWSServiceRoleForLakeFormationDataAccess",
            "use_service_linked_role": null,
            "with_federation": false
          },
          "sensitive_attributes": [],
          "private": "bnVsbA=="
        }
      ]
    },
    {
      "module": "module.s3",
      "mode": "managed",
      "type": "aws_s3_bucket",
      "name": "bronze",
      "provider": "provider[\"registry.terraform.io/hashicorp/aws\"]",
      "instances": [
        {
          "schema_version": 0,
          "attributes": {
            "acceleration_status": "",
            "acl": null,
            "arn": "arn:aws:s3:::fintech-bronze-dev",
            "bucket": "fintech-bronze-dev",
            "bucket_domain_name": "fintech-bronze-dev.s3.amazonaws.com",
            "bucket_prefix": "",
            "bucket_regional_domain_name": "fintech-bronze-dev.s3.ap-south-1.amazonaws.com",
            "cors_rule": [],
            "force_destroy": false,
            "grant": [
              {
                "id": "82e0b6c08e807f8b2c0ed2f6a7aa004da9f4179cd52af58e6fa6594338bc8193",
                "permissions": [
                  "FULL_CONTROL"
                ],
                "type": "CanonicalUser",
                "uri": ""
              }
            ],
            "hosted_zone_id": "Z11RGJOFQNVJUP",
            "id": "fintech-bronze-dev",
            "lifecycle_rule": [
              {
                "abort_incomplete_multipart_upload_days": 0,
                "enabled": true,
                "expiration": [],
                "id": "move-to-cheaper-storage",
                "noncurrent_version_expiration": [],
                "noncurrent_version_transition": [],
                "prefix": "",
                "tags": {},
                "transition": [
                  {
                    "date": "",
                    "days": 30,
                    "storage_class": "STANDARD_IA"
                  },
                  {
                    "date": "",
                    "days": 90,
                    "storage_class": "GLACIER"
                  }
                ]
              }
            ],
            "logging": [],
            "object_lock_configuration": [],
            "object_lock_enabled": false,
            "policy": "",
            "region": "ap-south-1",
            "replication_configuration": [],
            "request_payer": "BucketOwner",
            "server_side_encryption_configuration": [
              {
                "rule": [
                  {
                    "apply_server_side_encryption_by_default": [
                      {
                        "kms_master_key_id": "",
                        "sse_algorithm": "AES256"
                      }
                    ],
                    "bucket_key_enabled": false
                  }
                ]
              }
            ],
            "tags": {},
            "tags_all": {},
            "timeouts": null,
            "versioning": [
              {
                "enabled": true,
                "mfa_delete": false
              }
            ],
            "website": [],
            "website_domain": null,
            "website_endpoint": null
          },
          "sensitive_attributes": [],
          "private": "eyJlMmJmYjczMC1lY2FhLTExZTYtOGY4OC0zNDM2M2JjN2M0YzAiOnsiY3JlYXRlIjoxMjAwMDAwMDAwMDAwLCJkZWxldGUiOjM2MDAwMDAwMDAwMDAsInJlYWQiOjEyMDAwMDAwMDAwMDAsInVwZGF0ZSI6MTIwMDAwMDAwMDAwMH19"
        }
      ]
    },
    {
      "module": "module.s3",
      "mode": "managed",
      "type": "aws_s3_bucket",
      "name": "dlq",
      "provider": "provider[\"registry.terraform.io/hashicorp/aws\"]",
      "instances": [
        {
          "schema_version": 0,
          "attributes": {
            "acceleration_status": "",
            "acl": null,
            "arn": "arn:aws:s3:::fintech-dlq-dev",
            "bucket": "fintech-dlq-dev",
            "bucket_domain_name": "fintech-dlq-dev.s3.amazonaws.com",
            "bucket_prefix": "",
            "bucket_regional_domain_name": "fintech-dlq-dev.s3.ap-south-1.amazonaws.com",
            "cors_rule": [],
            "force_destroy": false,
            "grant": [
              {
                "id": "82e0b6c08e807f8b2c0ed2f6a7aa004da9f4179cd52af58e6fa6594338bc8193",
                "permissions": [
                  "FULL_CONTROL"
                ],
                "type": "CanonicalUser",
                "uri": ""
              }
            ],
            "hosted_zone_id": "Z11RGJOFQNVJUP",
            "id": "fintech-dlq-dev",
            "lifecycle_rule": [],
            "logging": [],
            "object_lock_configuration": [],
            "object_lock_enabled": false,
            "policy": "",
            "region": "ap-south-1",
            "replication_configuration": [],
            "request_payer": "BucketOwner",
            "server_side_encryption_configuration": [
              {
                "rule": [
                  {
                    "apply_server_side_encryption_by_default": [
                      {
                        "kms_master_key_id": "",
                        "sse_algorithm": "AES256"
                      }
                    ],
                    "bucket_key_enabled": false
                  }
                ]
              }
            ],
            "tags": {},
            "tags_all": {},
            "timeouts": null,
            "versioning": [
              {
                "enabled": false,
                "mfa_delete": false
              }
            ],
            "website": [],
            "website_domain": null,
            "website_endpoint": null
          },
          "sensitive_attributes": [],
          "private": "eyJlMmJmYjczMC1lY2FhLTExZTYtOGY4OC0zNDM2M2JjN2M0YzAiOnsiY3JlYXRlIjoxMjAwMDAwMDAwMDAwLCJkZWxldGUiOjM2MDAwMDAwMDAwMDAsInJlYWQiOjEyMDAwMDAwMDAwMDAsInVwZGF0ZSI6MTIwMDAwMDAwMDAwMH19"
        }
      ]
    },
    {
      "module": "module.s3",
      "mode": "managed",
      "type": "aws_s3_bucket",
      "name": "gold",
      "provider": "provider[\"registry.terraform.io/hashicorp/aws\"]",
      "instances": [
        {
          "schema_version": 0,
          "attributes": {
            "acceleration_status": "",
            "acl": null,
            "arn": "arn:aws:s3:::fintech-gold-dev",
            "bucket": "fintech-gold-dev",
            "bucket_domain_name": "fintech-gold-dev.s3.amazonaws.com",
            "bucket_prefix": "",
            "bucket_regional_domain_name": "fintech-gold-dev.s3.ap-south-1.amazonaws.com",
            "cors_rule": [],
            "force_destroy": false,
            "grant": [
              {
                "id": "82e0b6c08e807f8b2c0ed2f6a7aa004da9f4179cd52af58e6fa6594338bc8193",
                "permissions": [
                  "FULL_CONTROL"
                ],
                "type": "CanonicalUser",
                "uri": ""
              }
            ],
            "hosted_zone_id": "Z11RGJOFQNVJUP",
            "id": "fintech-gold-dev",
            "lifecycle_rule": [],
            "logging": [],
            "object_lock_configuration": [],
            "object_lock_enabled": false,
            "policy": "",
            "region": "ap-south-1",
            "replication_configuration": [],
            "request_payer": "BucketOwner",
            "server_side_encryption_configuration": [
              {
                "rule": [
                  {
                    "apply_server_side_encryption_by_default": [
                      {
                        "kms_master_key_id": "",
                        "sse_algorithm": "AES256"
                      }
                    ],
                    "bucket_key_enabled": false
                  }
                ]
              }
            ],
            "tags": {},
            "tags_all": {},
            "timeouts": null,
            "versioning": [
              {
                "enabled": false,
                "mfa_delete": false
              }
            ],
            "website": [],
            "website_domain": null,
            "website_endpoint": null
          },
          "sensitive_attributes": [],
          "private": "eyJlMmJmYjczMC1lY2FhLTExZTYtOGY4OC0zNDM2M2JjN2M0YzAiOnsiY3JlYXRlIjoxMjAwMDAwMDAwMDAwLCJkZWxldGUiOjM2MDAwMDAwMDAwMDAsInJlYWQiOjEyMDAwMDAwMDAwMDAsInVwZGF0ZSI6MTIwMDAwMDAwMDAwMH19"
        }
      ]
    },
    {
      "module": "module.s3",
      "mode": "managed",
      "type": "aws_s3_bucket",
      "name": "silver",
      "provider": "provider[\"registry.terraform.io/hashicorp/aws\"]",
      "instances": [
        {
          "schema_version": 0,
          "attributes": {
            "acceleration_status": "",
            "acl": null,
            "arn": "arn:aws:s3:::fintech-silver-dev",
            "bucket": "fintech-silver-dev",
            "bucket_domain_name": "fintech-silver-dev.s3.amazonaws.com",
            "bucket_prefix": "",
            "bucket_regional_domain_name": "fintech-silver-dev.s3.ap-south-1.amazonaws.com",
            "cors_rule": [],
            "force_destroy": false,
            "grant": [
              {
                "id": "82e0b6c08e807f8b2c0ed2f6a7aa004da9f4179cd52af58e6fa6594338bc8193",
                "permissions": [
                  "FULL_CONTROL"
                ],
                "type": "CanonicalUser",
                "uri": ""
              }
            ],
            "hosted_zone_id": "Z11RGJOFQNVJUP",
            "id": "fintech-silver-dev",
            "lifecycle_rule": [],
            "logging": [],
            "object_lock_configuration": [],
            "object_lock_enabled": false,
            "policy": "",
            "region": "ap-south-1",
            "replication_configuration": [],
            "request_payer": "BucketOwner",
            "server_side_encryption_configuration": [
              {
                "rule": [
                  {
                    "apply_server_side_encryption_by_default": [
                      {
                        "kms_master_key_id": "",
                        "sse_algorithm": "AES256"
                      }
                    ],
                    "bucket_key_enabled": false
                  }
                ]
              }
            ],
            "tags": {},
            "tags_all": {},
            "timeouts": null,
            "versioning": [
              {
                "enabled": false,
                "mfa_delete": false
              }
            ],
            "website": [],
            "website_domain": null,
            "website_endpoint": null
          },
          "sensitive_attributes": [],
          "private": "eyJlMmJmYjczMC1lY2FhLTExZTYtOGY4OC0zNDM2M2JjN2M0YzAiOnsiY3JlYXRlIjoxMjAwMDAwMDAwMDAwLCJkZWxldGUiOjM2MDAwMDAwMDAwMDAsInJlYWQiOjEyMDAwMDAwMDAwMDAsInVwZGF0ZSI6MTIwMDAwMDAwMDAwMH19"
        }
      ]
    },
    {
      "module": "module.s3",
      "mode": "managed",
      "type": "aws_s3_bucket_lifecycle_configuration",
      "name": "bronze_lifecycle",
      "provider": "provider[\"registry.terraform.io/hashicorp/aws\"]",
      "instances": [
        {
          "schema_version": 1,
          "attributes": {
            "bucket": "fintech-bronze-dev",
            "expected_bucket_owner": "",
            "id": "fintech-bronze-dev",
            "rule": [
              {
                "abort_incomplete_multipart_upload": [],
                "expiration": [],
                "filter": [
                  {
                    "and": [],
                    "object_size_greater_than": null,
                    "object_size_less_than": null,
                    "prefix": "",
                    "tag": []
                  }
                ],
                "id": "move-to-cheaper-storage",
                "noncurrent_version_expiration": [],
                "noncurrent_version_transition": [],
                "prefix": "",
                "status": "Enabled",
                "transition": [
                  {
                    "date": null,
                    "days": 30,
                    "storage_class": "STANDARD_IA"
                  },
                  {
                    "date": null,
                    "days": 90,
                    "storage_class": "GLACIER"
                  }
                ]
              }
            ],
            "timeouts": null,
            "transition_default_minimum_object_size": "all_storage_classes_128K"
          },
          "sensitive_attributes": [],
          "dependencies": [
            "module.s3.aws_s3_bucket.bronze"
          ]
        }
      ]
    },
    {
      "module": "module.s3",
      "mode": "managed",
      "type": "aws_s3_bucket_versioning",
      "name": "bronze_versioning",
      "provider": "provider[\"registry.terraform.io/hashicorp/aws\"]",
      "instances": [
        {
          "schema_version": 0,
          "attributes": {
            "bucket": "fintech-bronze-dev",
            "expected_bucket_owner": "",
            "id": "fintech-bronze-dev",
            "mfa": null,
            "versioning_configuration": [
              {
                "mfa_delete": "",
                "status": "Enabled"
              }
            ]
          },
          "sensitive_attributes": [],
          "private": "bnVsbA==",
          "dependencies": [
            "module.s3.aws_s3_bucket.bronze"
          ]
        }
      ]
    },
    {
      "module": "module.sns",
      "mode": "managed",
      "type": "aws_sns_topic",
      "name": "alerts",
      "provider": "provider[\"registry.terraform.io/hashicorp/aws\"]",
      "instances": [
        {
          "schema_version": 0,
          "attributes": {
            "application_failure_feedback_role_arn": "",
            "application_success_feedback_role_arn": "",
            "application_success_feedback_sample_rate": 0,
            "archive_policy": "",
            "arn": "arn:aws:sns:ap-south-1:512584596315:fintech-alerts-dev",
            "beginning_archive_time": "",
            "content_based_deduplication": false,
            "delivery_policy": "",
            "display_name": "",
            "fifo_throughput_scope": "",
            "fifo_topic": false,
            "firehose_failure_feedback_role_arn": "",
            "firehose_success_feedback_role_arn": "",
            "firehose_success_feedback_sample_rate": 0,
            "http_failure_feedback_role_arn": "",
            "http_success_feedback_role_arn": "",
            "http_success_feedback_sample_rate": 0,
            "id": "arn:aws:sns:ap-south-1:512584596315:fintech-alerts-dev",
            "kms_master_key_id": "",
            "lambda_failure_feedback_role_arn": "",
            "lambda_success_feedback_role_arn": "",
            "lambda_success_feedback_sample_rate": 0,
            "name": "fintech-alerts-dev",
            "name_prefix": "",
            "owner": "512584596315",
            "policy": "{\"Id\":\"__default_policy_ID\",\"Statement\":[{\"Action\":[\"SNS:GetTopicAttributes\",\"SNS:SetTopicAttributes\",\"SNS:AddPermission\",\"SNS:RemovePermission\",\"SNS:DeleteTopic\",\"SNS:Subscribe\",\"SNS:ListSubscriptionsByTopic\",\"SNS:Publish\"],\"Condition\":{\"StringEquals\":{\"AWS:SourceOwner\":\"512584596315\"}},\"Effect\":\"Allow\",\"Principal\":{\"AWS\":\"*\"},\"Resource\":\"arn:aws:sns:ap-south-1:512584596315:fintech-alerts-dev\",\"Sid\":\"__default_statement_ID\"}],\"Version\":\"2008-10-17\"}",
            "signature_version": 0,
            "sqs_failure_feedback_role_arn": "",
            "sqs_success_feedback_role_arn": "",
            "sqs_success_feedback_sample_rate": 0,
            "tags": {
              "Environment": "dev",
              "Name": "fintech-alerts-dev",
              "Project": "fintech"
            },
            "tags_all": {
              "Environment": "dev",
              "Name": "fintech-alerts-dev",
              "Project": "fintech"
            },
            "tracing_config": ""
          },
          "sensitive_attributes": [],
          "private": "bnVsbA=="
        }
      ]
    },
    {
      "module": "module.sns",
      "mode": "managed",
      "type": "aws_sns_topic",
      "name": "gdpr_notifications",
      "provider": "provider[\"registry.terraform.io/hashicorp/aws\"]",
      "instances": [
        {
          "schema_version": 0,
          "attributes": {
            "application_failure_feedback_role_arn": "",
            "application_success_feedback_role_arn": "",
            "application_success_feedback_sample_rate": 0,
            "archive_policy": "",
            "arn": "arn:aws:sns:ap-south-1:512584596315:fintech-gdpr-dev",
            "beginning_archive_time": "",
            "content_based_deduplication": false,
            "delivery_policy": "",
            "display_name": "",
            "fifo_throughput_scope": "",
            "fifo_topic": false,
            "firehose_failure_feedback_role_arn": "",
            "firehose_success_feedback_role_arn": "",
            "firehose_success_feedback_sample_rate": 0,
            "http_failure_feedback_role_arn": "",
            "http_success_feedback_role_arn": "",
            "http_success_feedback_sample_rate": 0,
            "id": "arn:aws:sns:ap-south-1:512584596315:fintech-gdpr-dev",
            "kms_master_key_id": "",
            "lambda_failure_feedback_role_arn": "",
            "lambda_success_feedback_role_arn": "",
            "lambda_success_feedback_sample_rate": 0,
            "name": "fintech-gdpr-dev",
            "name_prefix": "",
            "owner": "512584596315",
            "policy": "{\"Id\":\"__default_policy_ID\",\"Statement\":[{\"Action\":[\"SNS:GetTopicAttributes\",\"SNS:SetTopicAttributes\",\"SNS:AddPermission\",\"SNS:RemovePermission\",\"SNS:DeleteTopic\",\"SNS:Subscribe\",\"SNS:ListSubscriptionsByTopic\",\"SNS:Publish\"],\"Condition\":{\"StringEquals\":{\"AWS:SourceOwner\":\"512584596315\"}},\"Effect\":\"Allow\",\"Principal\":{\"AWS\":\"*\"},\"Resource\":\"arn:aws:sns:ap-south-1:512584596315:fintech-gdpr-dev\",\"Sid\":\"__default_statement_ID\"}],\"Version\":\"2008-10-17\"}",
            "signature_version": 0,
            "sqs_failure_feedback_role_arn": "",
            "sqs_success_feedback_role_arn": "",
            "sqs_success_feedback_sample_rate": 0,
            "tags": {
              "Environment": "dev",
              "Name": "fintech-gdpr-dev",
              "Project": "fintech"
            },
            "tags_all": {
              "Environment": "dev",
              "Name": "fintech-gdpr-dev",
              "Project": "fintech"
            },
            "tracing_config": ""
          },
          "sensitive_attributes": [],
          "private": "bnVsbA=="
        }
      ]
    },
    {
      "module": "module.sns",
      "mode": "managed",
      "type": "aws_sns_topic_subscription",
      "name": "email_alert",
      "provider": "provider[\"registry.terraform.io/hashicorp/aws\"]",
      "instances": [
        {
          "schema_version": 0,
          "attributes": {
            "arn": "arn:aws:sns:ap-south-1:512584596315:fintech-alerts-dev:2a442155-b147-4542-b7ba-9307cc419be5",
            "confirmation_timeout_in_minutes": 1,
            "confirmation_was_authenticated": false,
            "delivery_policy": "",
            "endpoint": "babudataarch@gmail.com",
            "endpoint_auto_confirms": false,
            "filter_policy": "",
            "filter_policy_scope": "",
            "id": "arn:aws:sns:ap-south-1:512584596315:fintech-alerts-dev:2a442155-b147-4542-b7ba-9307cc419be5",
            "owner_id": "512584596315",
            "pending_confirmation": true,
            "protocol": "email",
            "raw_message_delivery": false,
            "redrive_policy": "",
            "replay_policy": "",
            "subscription_role_arn": "",
            "topic_arn": "arn:aws:sns:ap-south-1:512584596315:fintech-alerts-dev"
          },
          "sensitive_attributes": [],
          "private": "bnVsbA==",
          "dependencies": [
            "module.sns.aws_sns_topic.alerts"
          ]
        }
      ]
    },
    {
      "module": "module.sns",
      "mode": "managed",
      "type": "aws_sns_topic_subscription",
      "name": "gdpr_email",
      "provider": "provider[\"registry.terraform.io/hashicorp/aws\"]",
      "instances": [
        {
          "schema_version": 0,
          "attributes": {
            "arn": "arn:aws:sns:ap-south-1:512584596315:fintech-gdpr-dev:9aa2a03a-4062-473f-ac16-caefbb7c2dab",
            "confirmation_timeout_in_minutes": 1,
            "confirmation_was_authenticated": false,
            "delivery_policy": "",
            "endpoint": "babudataarch@gmail.com",
            "endpoint_auto_confirms": false,
            "filter_policy": "",
            "filter_policy_scope": "",
            "id": "arn:aws:sns:ap-south-1:512584596315:fintech-gdpr-dev:9aa2a03a-4062-473f-ac16-caefbb7c2dab",
            "owner_id": "512584596315",
            "pending_confirmation": true,
            "protocol": "email",
            "raw_message_delivery": false,
            "redrive_policy": "",
            "replay_policy": "",
            "subscription_role_arn": "",
            "topic_arn": "arn:aws:sns:ap-south-1:512584596315:fintech-gdpr-dev"
          },
          "sensitive_attributes": [],
          "private": "bnVsbA==",
          "dependencies": [
            "module.sns.aws_sns_topic.gdpr_notifications"
          ]
        }
      ]
    },
    {
      "module": "module.vpc",
      "mode": "managed",
      "type": "aws_eip",
      "name": "nat",
      "provider": "provider[\"registry.terraform.io/hashicorp/aws\"]",
      "instances": [
        {
          "schema_version": 0,
          "attributes": {
            "address": null,
            "allocation_id": "eipalloc-0bbffeaeab69af4fe",
            "arn": "arn:aws:ec2:ap-south-1:512584596315:elastic-ip/eipalloc-0bbffeaeab69af4fe",
            "associate_with_private_ip": null,
            "association_id": "eipassoc-091a32ba91985c092",
            "carrier_ip": "",
            "customer_owned_ip": "",
            "customer_owned_ipv4_pool": "",
            "domain": "vpc",
            "id": "eipalloc-0bbffeaeab69af4fe",
            "instance": "",
            "ipam_pool_id": null,
            "network_border_group": "ap-south-1",
            "network_interface": "eni-04c861dd47fa1244c",
            "private_dns": "ip-10-0-3-206.ap-south-1.compute.internal",
            "private_ip": "10.0.3.206",
            "ptr_record": "",
            "public_dns": "ec2-65-0-154-237.ap-south-1.compute.amazonaws.com",
            "public_ip": "65.0.154.237",
            "public_ipv4_pool": "amazon",
            "tags": {},
            "tags_all": {},
            "timeouts": null,
            "vpc": true
          },
          "sensitive_attributes": [],
          "private": "eyJlMmJmYjczMC1lY2FhLTExZTYtOGY4OC0zNDM2M2JjN2M0YzAiOnsiZGVsZXRlIjoxODAwMDAwMDAwMDAsInJlYWQiOjkwMDAwMDAwMDAwMCwidXBkYXRlIjozMDAwMDAwMDAwMDB9fQ=="
        }
      ]
    },
    {
      "module": "module.vpc",
      "mode": "managed",
      "type": "aws_internet_gateway",
      "name": "main",
      "provider": "provider[\"registry.terraform.io/hashicorp/aws\"]",
      "instances": [
        {
          "schema_version": 0,
          "attributes": {
            "arn": "arn:aws:ec2:ap-south-1:512584596315:internet-gateway/igw-090ee7f896e27d007",
            "id": "igw-090ee7f896e27d007",
            "owner_id": "512584596315",
            "tags": {
              "Environment": "dev",
              "Name": "fintech-igw-dev"
            },
            "tags_all": {
              "Environment": "dev",
              "Name": "fintech-igw-dev"
            },
            "timeouts": null,
            "vpc_id": "vpc-0abda4d959be7eabf"
          },
          "sensitive_attributes": [],
          "private": "eyJlMmJmYjczMC1lY2FhLTExZTYtOGY4OC0zNDM2M2JjN2M0YzAiOnsiY3JlYXRlIjoxMjAwMDAwMDAwMDAwLCJkZWxldGUiOjEyMDAwMDAwMDAwMDAsInVwZGF0ZSI6MTIwMDAwMDAwMDAwMH19",
          "dependencies": [
            "module.vpc.aws_vpc.main"
          ]
        }
      ]
    },
    {
      "module": "module.vpc",
      "mode": "managed",
      "type": "aws_nat_gateway",
      "name": "main",
      "provider": "provider[\"registry.terraform.io/hashicorp/aws\"]",
      "instances": [
        {
          "schema_version": 0,
          "attributes": {
            "allocation_id": "eipalloc-0bbffeaeab69af4fe",
            "association_id": "eipassoc-091a32ba91985c092",
            "connectivity_type": "public",
            "id": "nat-0ab041133175cd24d",
            "network_interface_id": "eni-04c861dd47fa1244c",
            "private_ip": "10.0.3.206",
            "public_ip": "65.0.154.237",
            "secondary_allocation_ids": [],
            "secondary_private_ip_address_count": 0,
            "secondary_private_ip_addresses": [],
            "subnet_id": "subnet-0826d85ed8d36c5d9",
            "tags": {
              "Environment": "dev",
              "Name": "fintech-nat-dev"
            },
            "tags_all": {
              "Environment": "dev",
              "Name": "fintech-nat-dev"
            },
            "timeouts": null
          },
          "sensitive_attributes": [],
          "private": "eyJlMmJmYjczMC1lY2FhLTExZTYtOGY4OC0zNDM2M2JjN2M0YzAiOnsiY3JlYXRlIjo2MDAwMDAwMDAwMDAsImRlbGV0ZSI6MTgwMDAwMDAwMDAwMCwidXBkYXRlIjo2MDAwMDAwMDAwMDB9fQ==",
          "dependencies": [
            "module.vpc.aws_eip.nat",
            "module.vpc.aws_subnet.public",
            "module.vpc.aws_vpc.main"
          ]
        }
      ]
    },
    {
      "module": "module.vpc",
      "mode": "managed",
      "type": "aws_route_table",
      "name": "private",
      "provider": "provider[\"registry.terraform.io/hashicorp/aws\"]",
      "instances": [
        {
          "schema_version": 0,
          "attributes": {
            "arn": "arn:aws:ec2:ap-south-1:512584596315:route-table/rtb-050139641196b1bc0",
            "id": "rtb-050139641196b1bc0",
            "owner_id": "512584596315",
            "propagating_vgws": [],
            "route": [
              {
                "carrier_gateway_id": "",
                "cidr_block": "0.0.0.0/0",
                "core_network_arn": "",
                "destination_prefix_list_id": "",
                "egress_only_gateway_id": "",
                "gateway_id": "",
                "ipv6_cidr_block": "",
                "local_gateway_id": "",
                "nat_gateway_id": "nat-0ab041133175cd24d",
                "network_interface_id": "",
                "transit_gateway_id": "",
                "vpc_endpoint_id": "",
                "vpc_peering_connection_id": ""
              }
            ],
            "tags": {
              "Name": "fintech-private-rt-dev"
            },
            "tags_all": {
              "Name": "fintech-private-rt-dev"
            },
            "timeouts": null,
            "vpc_id": "vpc-0abda4d959be7eabf"
          },
          "sensitive_attributes": [],
          "private": "eyJlMmJmYjczMC1lY2FhLTExZTYtOGY4OC0zNDM2M2JjN2M0YzAiOnsiY3JlYXRlIjozMDAwMDAwMDAwMDAsImRlbGV0ZSI6MzAwMDAwMDAwMDAwLCJ1cGRhdGUiOjEyMDAwMDAwMDAwMH19",
          "dependencies": [
            "module.vpc.aws_eip.nat",
            "module.vpc.aws_nat_gateway.main",
            "module.vpc.aws_subnet.public",
            "module.vpc.aws_vpc.main"
          ]
        }
      ]
    },
    {
      "module": "module.vpc",
      "mode": "managed",
      "type": "aws_route_table",
      "name": "public",
      "provider": "provider[\"registry.terraform.io/hashicorp/aws\"]",
      "instances": [
        {
          "schema_version": 0,
          "attributes": {
            "arn": "arn:aws:ec2:ap-south-1:512584596315:route-table/rtb-083edc76c6f319491",
            "id": "rtb-083edc76c6f319491",
            "owner_id": "512584596315",
            "propagating_vgws": [],
            "route": [
              {
                "carrier_gateway_id": "",
                "cidr_block": "0.0.0.0/0",
                "core_network_arn": "",
                "destination_prefix_list_id": "",
                "egress_only_gateway_id": "",
                "gateway_id": "igw-090ee7f896e27d007",
                "ipv6_cidr_block": "",
                "local_gateway_id": "",
                "nat_gateway_id": "",
                "network_interface_id": "",
                "transit_gateway_id": "",
                "vpc_endpoint_id": "",
                "vpc_peering_connection_id": ""
              }
            ],
            "tags": {
              "Name": "fintech-public-rt-dev"
            },
            "tags_all": {
              "Name": "fintech-public-rt-dev"
            },
            "timeouts": null,
            "vpc_id": "vpc-0abda4d959be7eabf"
          },
          "sensitive_attributes": [],
          "private": "eyJlMmJmYjczMC1lY2FhLTExZTYtOGY4OC0zNDM2M2JjN2M0YzAiOnsiY3JlYXRlIjozMDAwMDAwMDAwMDAsImRlbGV0ZSI6MzAwMDAwMDAwMDAwLCJ1cGRhdGUiOjEyMDAwMDAwMDAwMH19",
          "dependencies": [
            "module.vpc.aws_internet_gateway.main",
            "module.vpc.aws_vpc.main"
          ]
        }
      ]
    },
    {
      "module": "module.vpc",
      "mode": "managed",
      "type": "aws_route_table_association",
      "name": "private_1",
      "provider": "provider[\"registry.terraform.io/hashicorp/aws\"]",
      "instances": [
        {
          "schema_version": 0,
          "attributes": {
            "gateway_id": "",
            "id": "rtbassoc-06d360bdffd872312",
            "route_table_id": "rtb-050139641196b1bc0",
            "subnet_id": "subnet-0853c6d72349f710d",
            "timeouts": null
          },
          "sensitive_attributes": [],
          "private": "eyJlMmJmYjczMC1lY2FhLTExZTYtOGY4OC0zNDM2M2JjN2M0YzAiOnsiY3JlYXRlIjozMDAwMDAwMDAwMDAsImRlbGV0ZSI6MzAwMDAwMDAwMDAwLCJ1cGRhdGUiOjEyMDAwMDAwMDAwMH19",
          "dependencies": [
            "module.vpc.aws_eip.nat",
            "module.vpc.aws_nat_gateway.main",
            "module.vpc.aws_route_table.private",
            "module.vpc.aws_subnet.private_1",
            "module.vpc.aws_subnet.public",
            "module.vpc.aws_vpc.main"
          ]
        }
      ]
    },
    {
      "module": "module.vpc",
      "mode": "managed",
      "type": "aws_route_table_association",
      "name": "private_2",
      "provider": "provider[\"registry.terraform.io/hashicorp/aws\"]",
      "instances": [
        {
          "schema_version": 0,
          "attributes": {
            "gateway_id": "",
            "id": "rtbassoc-0e3e9f1a04255af94",
            "route_table_id": "rtb-050139641196b1bc0",
            "subnet_id": "subnet-01eb8144485e9d3f8",
            "timeouts": null
          },
          "sensitive_attributes": [],
          "private": "eyJlMmJmYjczMC1lY2FhLTExZTYtOGY4OC0zNDM2M2JjN2M0YzAiOnsiY3JlYXRlIjozMDAwMDAwMDAwMDAsImRlbGV0ZSI6MzAwMDAwMDAwMDAwLCJ1cGRhdGUiOjEyMDAwMDAwMDAwMH19",
          "dependencies": [
            "module.vpc.aws_eip.nat",
            "module.vpc.aws_nat_gateway.main",
            "module.vpc.aws_route_table.private",
            "module.vpc.aws_subnet.private_2",
            "module.vpc.aws_subnet.public",
            "module.vpc.aws_vpc.main"
          ]
        }
      ]
    },
    {
      "module": "module.vpc",
      "mode": "managed",
      "type": "aws_route_table_association",
      "name": "public",
      "provider": "provider[\"registry.terraform.io/hashicorp/aws\"]",
      "instances": [
        {
          "schema_version": 0,
          "attributes": {
            "gateway_id": "",
            "id": "rtbassoc-0198f29cd7af00ea0",
            "route_table_id": "rtb-083edc76c6f319491",
            "subnet_id": "subnet-0826d85ed8d36c5d9",
            "timeouts": null
          },
          "sensitive_attributes": [],
          "private": "eyJlMmJmYjczMC1lY2FhLTExZTYtOGY4OC0zNDM2M2JjN2M0YzAiOnsiY3JlYXRlIjozMDAwMDAwMDAwMDAsImRlbGV0ZSI6MzAwMDAwMDAwMDAwLCJ1cGRhdGUiOjEyMDAwMDAwMDAwMH19",
          "dependencies": [
            "module.vpc.aws_internet_gateway.main",
            "module.vpc.aws_route_table.public",
            "module.vpc.aws_subnet.public",
            "module.vpc.aws_vpc.main"
          ]
        }
      ]
    },
    {
      "module": "module.vpc",
      "mode": "managed",
      "type": "aws_security_group",
      "name": "glue_sg",
      "provider": "provider[\"registry.terraform.io/hashicorp/aws\"]",
      "instances": [
        {
          "schema_version": 1,
          "attributes": {
            "arn": "arn:aws:ec2:ap-south-1:512584596315:security-group/sg-0312c0b40e4c1cab4",
            "description": "Security group for Glue jobs",
            "egress": [
              {
                "cidr_blocks": [
                  "0.0.0.0/0"
                ],
                "description": "",
                "from_port": 0,
                "ipv6_cidr_blocks": [],
                "prefix_list_ids": [],
                "protocol": "-1",
                "security_groups": [],
                "self": false,
                "to_port": 0
              }
            ],
            "id": "sg-0312c0b40e4c1cab4",
            "ingress": [],
            "name": "fintech-glue-sg-dev",
            "name_prefix": "",
            "owner_id": "512584596315",
            "revoke_rules_on_delete": false,
            "tags": {
              "Environment": "dev",
              "Name": "fintech-glue-sg-dev"
            },
            "tags_all": {
              "Environment": "dev",
              "Name": "fintech-glue-sg-dev"
            },
            "timeouts": null,
            "vpc_id": "vpc-0abda4d959be7eabf"
          },
          "sensitive_attributes": [],
          "private": "eyJlMmJmYjczMC1lY2FhLTExZTYtOGY4OC0zNDM2M2JjN2M0YzAiOnsiY3JlYXRlIjo2MDAwMDAwMDAwMDAsImRlbGV0ZSI6OTAwMDAwMDAwMDAwfSwic2NoZW1hX3ZlcnNpb24iOiIxIn0=",
          "dependencies": [
            "module.vpc.aws_vpc.main"
          ]
        }
      ]
    },
    {
      "module": "module.vpc",
      "mode": "managed",
      "type": "aws_security_group",
      "name": "lambda_sg",
      "provider": "provider[\"registry.terraform.io/hashicorp/aws\"]",
      "instances": [
        {
          "schema_version": 1,
          "attributes": {
            "arn": "arn:aws:ec2:ap-south-1:512584596315:security-group/sg-058fd3632a65232df",
            "description": "Security group for Lambda functions",
            "egress": [
              {
                "cidr_blocks": [
                  "0.0.0.0/0"
                ],
                "description": "",
                "from_port": 0,
                "ipv6_cidr_blocks": [],
                "prefix_list_ids": [],
                "protocol": "-1",
                "security_groups": [],
                "self": false,
                "to_port": 0
              }
            ],
            "id": "sg-058fd3632a65232df",
            "ingress": [],
            "name": "fintech-lambda-sg-dev",
            "name_prefix": "",
            "owner_id": "512584596315",
            "revoke_rules_on_delete": false,
            "tags": {
              "Environment": "dev",
              "Name": "fintech-lambda-sg-dev"
            },
            "tags_all": {
              "Environment": "dev",
              "Name": "fintech-lambda-sg-dev"
            },
            "timeouts": null,
            "vpc_id": "vpc-0abda4d959be7eabf"
          },
          "sensitive_attributes": [],
          "private": "eyJlMmJmYjczMC1lY2FhLTExZTYtOGY4OC0zNDM2M2JjN2M0YzAiOnsiY3JlYXRlIjo2MDAwMDAwMDAwMDAsImRlbGV0ZSI6OTAwMDAwMDAwMDAwfSwic2NoZW1hX3ZlcnNpb24iOiIxIn0=",
          "dependencies": [
            "module.vpc.aws_vpc.main"
          ]
        }
      ]
    },
    {
      "module": "module.vpc",
      "mode": "managed",
      "type": "aws_security_group",
      "name": "msk_sg",
      "provider": "provider[\"registry.terraform.io/hashicorp/aws\"]",
      "instances": [
        {
          "schema_version": 1,
          "attributes": {
            "arn": "arn:aws:ec2:ap-south-1:512584596315:security-group/sg-02189369c30ed052c",
            "description": "Security group for MSK Kafka",
            "egress": [
              {
                "cidr_blocks": [
                  "0.0.0.0/0"
                ],
                "description": "",
                "from_port": 0,
                "ipv6_cidr_blocks": [],
                "prefix_list_ids": [],
                "protocol": "-1",
                "security_groups": [],
                "self": false,
                "to_port": 0
              }
            ],
            "id": "sg-02189369c30ed052c",
            "ingress": [
              {
                "cidr_blocks": [],
                "description": "Allow Lambda and Glue to connect to Kafka",
                "from_port": 9092,
                "ipv6_cidr_blocks": [],
                "prefix_list_ids": [],
                "protocol": "tcp",
                "security_groups": [
                  "sg-0312c0b40e4c1cab4",
                  "sg-058fd3632a65232df"
                ],
                "self": false,
                "to_port": 9092
              }
            ],
            "name": "fintech-msk-sg-dev",
            "name_prefix": "",
            "owner_id": "512584596315",
            "revoke_rules_on_delete": false,
            "tags": {
              "Environment": "dev",
              "Name": "fintech-msk-sg-dev"
            },
            "tags_all": {
              "Environment": "dev",
              "Name": "fintech-msk-sg-dev"
            },
            "timeouts": null,
            "vpc_id": "vpc-0abda4d959be7eabf"
          },
          "sensitive_attributes": [],
          "private": "eyJlMmJmYjczMC1lY2FhLTExZTYtOGY4OC0zNDM2M2JjN2M0YzAiOnsiY3JlYXRlIjo2MDAwMDAwMDAwMDAsImRlbGV0ZSI6OTAwMDAwMDAwMDAwfSwic2NoZW1hX3ZlcnNpb24iOiIxIn0=",
          "dependencies": [
            "module.vpc.aws_security_group.glue_sg",
            "module.vpc.aws_security_group.lambda_sg",
            "module.vpc.aws_vpc.main"
          ]
        }
      ]
    },
    {
      "module": "module.vpc",
      "mode": "managed",
      "type": "aws_security_group",
      "name": "redis_sg",
      "provider": "provider[\"registry.terraform.io/hashicorp/aws\"]",
      "instances": [
        {
          "schema_version": 1,
          "attributes": {
            "arn": "arn:aws:ec2:ap-south-1:512584596315:security-group/sg-0e2754e255fc0b0ae",
            "description": "Security group for Redis ElastiCache",
            "egress": [
              {
                "cidr_blocks": [
                  "0.0.0.0/0"
                ],
                "description": "",
                "from_port": 0,
                "ipv6_cidr_blocks": [],
                "prefix_list_ids": [],
                "protocol": "-1",
                "security_groups": [],
                "self": false,
                "to_port": 0
              }
            ],
            "id": "sg-0e2754e255fc0b0ae",
            "ingress": [
              {
                "cidr_blocks": [],
                "description": "Allow Lambda to connect to Redis",
                "from_port": 6379,
                "ipv6_cidr_blocks": [],
                "prefix_list_ids": [],
                "protocol": "tcp",
                "security_groups": [
                  "sg-058fd3632a65232df"
                ],
                "self": false,
                "to_port": 6379
              }
            ],
            "name": "fintech-redis-sg-dev",
            "name_prefix": "",
            "owner_id": "512584596315",
            "revoke_rules_on_delete": false,
            "tags": {
              "Environment": "dev",
              "Name": "fintech-redis-sg-dev"
            },
            "tags_all": {
              "Environment": "dev",
              "Name": "fintech-redis-sg-dev"
            },
            "timeouts": null,
            "vpc_id": "vpc-0abda4d959be7eabf"
          },
          "sensitive_attributes": [],
          "private": "eyJlMmJmYjczMC1lY2FhLTExZTYtOGY4OC0zNDM2M2JjN2M0YzAiOnsiY3JlYXRlIjo2MDAwMDAwMDAwMDAsImRlbGV0ZSI6OTAwMDAwMDAwMDAwfSwic2NoZW1hX3ZlcnNpb24iOiIxIn0=",
          "dependencies": [
            "module.vpc.aws_security_group.lambda_sg",
            "module.vpc.aws_vpc.main"
          ]
        }
      ]
    },
    {
      "module": "module.vpc",
      "mode": "managed",
      "type": "aws_subnet",
      "name": "private_1",
      "provider": "provider[\"registry.terraform.io/hashicorp/aws\"]",
      "instances": [
        {
          "schema_version": 1,
          "attributes": {
            "arn": "arn:aws:ec2:ap-south-1:512584596315:subnet/subnet-0853c6d72349f710d",
            "assign_ipv6_address_on_creation": false,
            "availability_zone": "ap-south-1a",
            "availability_zone_id": "aps1-az1",
            "cidr_block": "10.0.1.0/24",
            "customer_owned_ipv4_pool": "",
            "enable_dns64": false,
            "enable_lni_at_device_index": 0,
            "enable_resource_name_dns_a_record_on_launch": false,
            "enable_resource_name_dns_aaaa_record_on_launch": false,
            "id": "subnet-0853c6d72349f710d",
            "ipv6_cidr_block": "",
            "ipv6_cidr_block_association_id": "",
            "ipv6_native": false,
            "map_customer_owned_ip_on_launch": false,
            "map_public_ip_on_launch": false,
            "outpost_arn": "",
            "owner_id": "512584596315",
            "private_dns_hostname_type_on_launch": "ip-name",
            "tags": {
              "Environment": "dev",
              "Name": "fintech-private-1-dev"
            },
            "tags_all": {
              "Environment": "dev",
              "Name": "fintech-private-1-dev"
            },
            "timeouts": null,
            "vpc_id": "vpc-0abda4d959be7eabf"
          },
          "sensitive_attributes": [],
          "private": "eyJlMmJmYjczMC1lY2FhLTExZTYtOGY4OC0zNDM2M2JjN2M0YzAiOnsiY3JlYXRlIjo2MDAwMDAwMDAwMDAsImRlbGV0ZSI6MTIwMDAwMDAwMDAwMH0sInNjaGVtYV92ZXJzaW9uIjoiMSJ9",
          "dependencies": [
            "module.vpc.aws_vpc.main"
          ]
        }
      ]
    },
    {
      "module": "module.vpc",
      "mode": "managed",
      "type": "aws_subnet",
      "name": "private_2",
      "provider": "provider[\"registry.terraform.io/hashicorp/aws\"]",
      "instances": [
        {
          "schema_version": 1,
          "attributes": {
            "arn": "arn:aws:ec2:ap-south-1:512584596315:subnet/subnet-01eb8144485e9d3f8",
            "assign_ipv6_address_on_creation": false,
            "availability_zone": "ap-south-1b",
            "availability_zone_id": "aps1-az3",
            "cidr_block": "10.0.2.0/24",
            "customer_owned_ipv4_pool": "",
            "enable_dns64": false,
            "enable_lni_at_device_index": 0,
            "enable_resource_name_dns_a_record_on_launch": false,
            "enable_resource_name_dns_aaaa_record_on_launch": false,
            "id": "subnet-01eb8144485e9d3f8",
            "ipv6_cidr_block": "",
            "ipv6_cidr_block_association_id": "",
            "ipv6_native": false,
            "map_customer_owned_ip_on_launch": false,
            "map_public_ip_on_launch": false,
            "outpost_arn": "",
            "owner_id": "512584596315",
            "private_dns_hostname_type_on_launch": "ip-name",
            "tags": {
              "Environment": "dev",
              "Name": "fintech-private-2-dev"
            },
            "tags_all": {
              "Environment": "dev",
              "Name": "fintech-private-2-dev"
            },
            "timeouts": null,
            "vpc_id": "vpc-0abda4d959be7eabf"
          },
          "sensitive_attributes": [],
          "private": "eyJlMmJmYjczMC1lY2FhLTExZTYtOGY4OC0zNDM2M2JjN2M0YzAiOnsiY3JlYXRlIjo2MDAwMDAwMDAwMDAsImRlbGV0ZSI6MTIwMDAwMDAwMDAwMH0sInNjaGVtYV92ZXJzaW9uIjoiMSJ9",
          "dependencies": [
            "module.vpc.aws_vpc.main"
          ]
        }
      ]
    },
    {
      "module": "module.vpc",
      "mode": "managed",
      "type": "aws_subnet",
      "name": "public",
      "provider": "provider[\"registry.terraform.io/hashicorp/aws\"]",
      "instances": [
        {
          "schema_version": 1,
          "attributes": {
            "arn": "arn:aws:ec2:ap-south-1:512584596315:subnet/subnet-0826d85ed8d36c5d9",
            "assign_ipv6_address_on_creation": false,
            "availability_zone": "ap-south-1a",
            "availability_zone_id": "aps1-az1",
            "cidr_block": "10.0.3.0/24",
            "customer_owned_ipv4_pool": "",
            "enable_dns64": false,
            "enable_lni_at_device_index": 0,
            "enable_resource_name_dns_a_record_on_launch": false,
            "enable_resource_name_dns_aaaa_record_on_launch": false,
            "id": "subnet-0826d85ed8d36c5d9",
            "ipv6_cidr_block": "",
            "ipv6_cidr_block_association_id": "",
            "ipv6_native": false,
            "map_customer_owned_ip_on_launch": false,
            "map_public_ip_on_launch": true,
            "outpost_arn": "",
            "owner_id": "512584596315",
            "private_dns_hostname_type_on_launch": "ip-name",
            "tags": {
              "Environment": "dev",
              "Name": "fintech-public-dev"
            },
            "tags_all": {
              "Environment": "dev",
              "Name": "fintech-public-dev"
            },
            "timeouts": null,
            "vpc_id": "vpc-0abda4d959be7eabf"
          },
          "sensitive_attributes": [],
          "private": "eyJlMmJmYjczMC1lY2FhLTExZTYtOGY4OC0zNDM2M2JjN2M0YzAiOnsiY3JlYXRlIjo2MDAwMDAwMDAwMDAsImRlbGV0ZSI6MTIwMDAwMDAwMDAwMH0sInNjaGVtYV92ZXJzaW9uIjoiMSJ9",
          "dependencies": [
            "module.vpc.aws_vpc.main"
          ]
        }
      ]
    },
    {
      "module": "module.vpc",
      "mode": "managed",
      "type": "aws_vpc",
      "name": "main",
      "provider": "provider[\"registry.terraform.io/hashicorp/aws\"]",
      "instances": [
        {
          "schema_version": 1,
          "attributes": {
            "arn": "arn:aws:ec2:ap-south-1:512584596315:vpc/vpc-0abda4d959be7eabf",
            "assign_generated_ipv6_cidr_block": false,
            "cidr_block": "10.0.0.0/16",
            "default_network_acl_id": "acl-03c486832bf4471fd",
            "default_route_table_id": "rtb-0083278d4e007dfa8",
            "default_security_group_id": "sg-0765d250a3a89972f",
            "dhcp_options_id": "dopt-069ba51adfb563282",
            "enable_dns_hostnames": true,
            "enable_dns_support": true,
            "enable_network_address_usage_metrics": false,
            "id": "vpc-0abda4d959be7eabf",
            "instance_tenancy": "default",
            "ipv4_ipam_pool_id": null,
            "ipv4_netmask_length": null,
            "ipv6_association_id": "",
            "ipv6_cidr_block": "",
            "ipv6_cidr_block_network_border_group": "",
            "ipv6_ipam_pool_id": "",
            "ipv6_netmask_length": 0,
            "main_route_table_id": "rtb-0083278d4e007dfa8",
            "owner_id": "512584596315",
            "tags": {
              "Environment": "dev",
              "Name": "fintech-vpc-dev",
              "Project": "fintech"
            },
            "tags_all": {
              "Environment": "dev",
              "Name": "fintech-vpc-dev",
              "Project": "fintech"
            }
          },
          "sensitive_attributes": [],
          "private": "eyJzY2hlbWFfdmVyc2lvbiI6IjEifQ=="
        }
      ]
    }
  ],
  "check_results": null
}
